
Microsoft Visual Studio Solution File, Format Version 12.00
# Visual Studio Version 17
VisualStudioVersion = 17.6.33723.286
MinimumVisualStudioVersion = 10.0.40219.1
Project("{FAE04EC0-301F-11D3-BF4B-00C04F79EFBC}") = "TicTacToeAStarJeHicks", "TicTacToeAStarJeHicks.csproj", "{61BFC680-FCAE-4CA8-BF64-9DCEFCE59007}"
EndProject
Global
	GlobalSection(SolutionConfigurationPlatforms) = preSolution
		Debug|Any CPU = Debug|Any CPU
		Release|Any CPU = Release|Any CPU
	EndGlobalSection
	GlobalSection(ProjectConfigurationPlatforms) = postSolution
		{61BFC680-FCAE-4CA8-BF64-9DCEFCE59007}.Debug|Any CPU.ActiveCfg = Debug|Any CPU
		{61BFC680-FCAE-4CA8-BF64-9DCEFCE59007}.Debug|Any CPU.Build.0 = Debug|Any CPU
		{61BFC680-FCAE-4CA8-BF64-9DCEFCE59007}.Release|Any CPU.ActiveCfg = Release|Any CPU
		{61BFC680-FCAE-4CA8-BF64-9DCEFCE59007}.Release|Any CPU.Build.0 = Release|Any CPU
	EndGlobalSection
	GlobalSection(SolutionProperties) = preSolution
		HideSolutionNode = FALSE
	EndGlobalSection
	GlobalSection(ExtensibilityGlobals) = postSolution
		SolutionGuid = {9C633140-B714-4A01-BDA3-51954154DFE4}
	EndGlobalSection
EndGlobal
